
Microsoft Visual Studio Solution File, Format Version 12.00
# Visual Studio 14
VisualStudioVersion = 14.0.25123.0
MinimumVisualStudioVersion = 10.0.40219.1
Project("{34BA9FB8-C4C6-45E5-9264-3DB61AEA5ED9}") = "Sitecore.Support.137656", "Sitecore.Support.137656\Sitecore.Support.137656.csproj", "{1D79A23C-44DD-4212-A217-6E4031C60ED3}"
EndProject
Global
	GlobalSection(SolutionConfigurationPlatforms) = preSolution
		Debug|Any CPU = Debug|Any CPU
		Release|Any CPU = Release|Any CPU
	EndGlobalSection
	GlobalSection(ProjectConfigurationPlatforms) = postSolution
		{1D79A23C-44DD-4212-A217-6E4031C60ED3}.Debug|Any CPU.ActiveCfg = Debug|Any CPU
		{1D79A23C-44DD-4212-A217-6E4031C60ED3}.Debug|Any CPU.Build.0 = Debug|Any CPU
		{1D79A23C-44DD-4212-A217-6E4031C60ED3}.Release|Any CPU.ActiveCfg = Release|Any CPU
		{1D79A23C-44DD-4212-A217-6E4031C60ED3}.Release|Any CPU.Build.0 = Release|Any CPU
	EndGlobalSection
	GlobalSection(SolutionProperties) = preSolution
		HideSolutionNode = FALSE
	EndGlobalSection
EndGlobal
